
Microsoft Visual Studio Solution File, Format Version 12.00
# Visual Studio 14
VisualStudioVersion = 14.0.25420.1
MinimumVisualStudioVersion = 10.0.40219.1
Project("{FAE04EC0-301F-11D3-BF4B-00C04F79EFBC}") = "CodeAnalizer", "CodeAnalizer\CodeAnalizer.csproj", "{39DC308D-113E-4036-9C82-7035BCBCFEC9}"
EndProject
Project("{FAE04EC0-301F-11D3-BF4B-00C04F79EFBC}") = "CodeAnalizer.Tests", "CodeAnalizer.Tests\CodeAnalizer.Tests.csproj", "{B036604B-8732-4B9B-99DB-05682D98321C}"
EndProject
Global
	GlobalSection(SolutionConfigurationPlatforms) = preSolution
		Debug|Any CPU = Debug|Any CPU
		Release|Any CPU = Release|Any CPU
	EndGlobalSection
	GlobalSection(ProjectConfigurationPlatforms) = postSolution
		{39DC308D-113E-4036-9C82-7035BCBCFEC9}.Debug|Any CPU.ActiveCfg = Debug|Any CPU
		{39DC308D-113E-4036-9C82-7035BCBCFEC9}.Debug|Any CPU.Build.0 = Debug|Any CPU
		{39DC308D-113E-4036-9C82-7035BCBCFEC9}.Release|Any CPU.ActiveCfg = Release|Any CPU
		{39DC308D-113E-4036-9C82-7035BCBCFEC9}.Release|Any CPU.Build.0 = Release|Any CPU
		{B036604B-8732-4B9B-99DB-05682D98321C}.Debug|Any CPU.ActiveCfg = Debug|Any CPU
		{B036604B-8732-4B9B-99DB-05682D98321C}.Debug|Any CPU.Build.0 = Debug|Any CPU
		{B036604B-8732-4B9B-99DB-05682D98321C}.Release|Any CPU.ActiveCfg = Release|Any CPU
		{B036604B-8732-4B9B-99DB-05682D98321C}.Release|Any CPU.Build.0 = Release|Any CPU
	EndGlobalSection
	GlobalSection(SolutionProperties) = preSolution
		HideSolutionNode = FALSE
	EndGlobalSection
EndGlobal
